
Microsoft Visual Studio Solution File, Format Version 12.00
# Visual Studio Version 17
VisualStudioVersion = 17.14.36518.9 d17.14
MinimumVisualStudioVersion = 10.0.40219.1
Project("{F184B08F-C81C-45F6-A57F-5ABD9991F28F}") = "timofey.iljushenko.932305.lab3", "timofey.iljushenko.932305.lab3.vbproj", "{2BB4A5A8-82FA-42E5-955A-2C5189C335EC}"
EndProject
Global
	GlobalSection(SolutionConfigurationPlatforms) = preSolution
		Debug|Any CPU = Debug|Any CPU
		Release|Any CPU = Release|Any CPU
	EndGlobalSection
	GlobalSection(ProjectConfigurationPlatforms) = postSolution
		{2BB4A5A8-82FA-42E5-955A-2C5189C335EC}.Debug|Any CPU.ActiveCfg = Debug|Any CPU
		{2BB4A5A8-82FA-42E5-955A-2C5189C335EC}.Debug|Any CPU.Build.0 = Debug|Any CPU
		{2BB4A5A8-82FA-42E5-955A-2C5189C335EC}.Release|Any CPU.ActiveCfg = Release|Any CPU
		{2BB4A5A8-82FA-42E5-955A-2C5189C335EC}.Release|Any CPU.Build.0 = Release|Any CPU
	EndGlobalSection
	GlobalSection(SolutionProperties) = preSolution
		HideSolutionNode = FALSE
	EndGlobalSection
	GlobalSection(ExtensibilityGlobals) = postSolution
		SolutionGuid = {6E5A28C2-795C-42E5-B175-792099E69C4D}
	EndGlobalSection
EndGlobal
